<?xml version="1.0" encoding="utf-8"?>
<Project ToolsVersion="4.0" xmlns="http://schemas.microsoft.com/developer/msbuild/2003">
  <ItemGroup>
    <ClCompile Include="src\ECS\Components\AnimatedSprite.cpp" />
    <ClCompile Include="src\ECS\Components\Audio.cpp" />
    <ClCompile Include="src\ECS\Systems\AudioManager.cpp" />
    <ClCompile Include="src\ECS\Components\BoxCollider.cpp" />
    <ClCompile Include="src\ECS\Components\CircleCollider.cpp" />
    <ClCompile Include="src\ECS\Systems\CollisionManager.cpp" />
    <ClCompile Include="src\Resources\Framebuffer.cpp" />
    <ClCompile Include="src\Handlers\FileHandler.cpp" />
    <ClCompile Include="src\Handlers\InputHandler.cpp" />
    <ClCompile Include="src\Core\main.cpp" />
    <ClCompile Include="src\ECS\Systems\PathFinding.cpp" />
    <ClCompile Include="src\ECS\Components\Physics.cpp" />
    <ClCompile Include="src\ECS\Systems\PhysicsSystem.cpp" />
    <ClCompile Include="src\ECS\Components\PlayerMovement.cpp" />
    <ClCompile Include="src\ECS\Systems\Renderer.cpp" />
    <ClCompile Include="src\Scenes\Scene.cpp" />
    <ClCompile Include="src\Scenes\SceneExporter.cpp" />
    <ClCompile Include="src\Scenes\SceneImporter.cpp" />
    <ClCompile Include="src\Scenes\SceneManager.cpp" />
    <ClCompile Include="src\ECS\Systems\ScriptSystem.cpp" />
    <ClCompile Include="src\Resources\Shader.cpp" />
    <ClCompile Include="src\ResourceFactories\ShaderFactory.cpp" />
    <ClCompile Include="src\Core\source.cpp" />
    <ClCompile Include="src\ECS\Components\Sprite.cpp" />
    <ClCompile Include="src\Resources\Texture2D.cpp" />
    <ClCompile Include="src\Core\Timer.cpp" />
  </ItemGroup>
  <ItemGroup>
    <ClInclude Include="src\ECS\Components\AnimatedSprite.h" />
    <ClInclude Include="src\ECS\Components\Audio.h" />
    <ClInclude Include="src\ECS\Systems\AudioManager.h" />
    <ClInclude Include="src\ECS\Components\BoxCollider.h" />
    <ClInclude Include="src\ECS\Components\Camera.h" />
    <ClInclude Include="src\ECS\Components\CircleCollider.h" />
    <ClInclude Include="src\ECS\Systems\CollisionManager.h" />
    <ClInclude Include="dependencies\fmod\inc\fmod.h" />
    <ClInclude Include="dependencies\fmod\inc\fmod.hpp" />
    <ClInclude Include="dependencies\fmod\inc\fmod_codec.h" />
    <ClInclude Include="dependencies\fmod\inc\fmod_common.h" />
    <ClInclude Include="dependencies\fmod\inc\fmod_dsp.h" />
    <ClInclude Include="dependencies\fmod\inc\fmod_dsp_effects.h" />
    <ClInclude Include="dependencies\fmod\inc\fmod_errors.h" />
    <ClInclude Include="dependencies\fmod\inc\fmod_output.h" />
    <ClInclude Include="src\ECS\EntityManager.h" />
    <ClInclude Include="src\Resources\Framebuffer.h" />
    <ClInclude Include="src\Handlers\FileHandler.h" />
    <ClInclude Include="src\Handlers\EventHandler.h" />
    <ClInclude Include="src\Handlers\InputHandler.h" />
    <ClInclude Include="src\Handlers\JSONHelpers.h" />
    <ClInclude Include="src\ECS\Components\EntityName.h" />
    <ClInclude Include="src\ECS\Systems\PathFinding.h" />
    <ClInclude Include="src\ECS\Components\Physics.h" />
    <ClInclude Include="src\ECS\Systems\PhysicsSystem.h" />
    <ClInclude Include="src\ECS\Components\PlayerMovement.h" />
    <ClInclude Include="src\ECS\Systems\Renderer.h" />
    <ClInclude Include="src\Scenes\Scene.h" />
    <ClInclude Include="src\Scenes\SceneExporter.h" />
    <ClInclude Include="src\Scenes\SceneImporter.h" />
    <ClInclude Include="src\Scenes\SceneManager.h" />
    <ClInclude Include="src\Resources\Script.h" />
    <ClInclude Include="src\ECS\Components\ScriptComponent.h" />
    <ClInclude Include="src\ECS\Systems\ScriptSystem.h" />
    <ClInclude Include="src\Resources\Shader.h" />
    <ClInclude Include="src\ResourceFactories\ShaderFactory.h" />
    <ClInclude Include="src\Core\source.h" />
    <ClInclude Include="src\ECS\Components\Sprite.h" />
    <ClInclude Include="src\Resources\Texture2D.h" />
    <ClInclude Include="src\ECS\Components\Tile.h" />
    <ClInclude Include="src\ECS\Components\TileMap.h" />
    <ClInclude Include="src\Core\Timer.h" />
    <ClInclude Include="src\ECS\Components\Transform.h" />
    <ClInclude Include="Amogus.h" />
    <ClInclude Include="src\ECS\Components\UI_Image.h" />
  </ItemGroup>
  <ItemGroup>
    <Library Include="dependencies\fmod\lib\x64\fmod_vc.lib" />
  </ItemGroup>
  <ItemGroup>
    <None Include="dependencies\fmod\inc\fmod.cs" />
    <None Include="dependencies\fmod\inc\fmod_dsp.cs" />
    <None Include="dependencies\fmod\inc\fmod_errors.cs" />
    <None Include="dependencies\fmod\lib\x64\fmodL.dll" />
  </ItemGroup>
</Project>