
Microsoft Visual Studio Solution File, Format Version 12.00
# Visual Studio Version 16
VisualStudioVersion = 16.0.31313.79
MinimumVisualStudioVersion = 10.0.40219.1
Project("{8BC9CEB8-8B4A-11D0-8D11-00A0C91BC942}") = "Amogus", "Amogus\Amogus.vcxproj", "{99C7AA79-FF27-4D48-A33A-4080E0198AEE}"
EndProject
Project("{8BC9CEB8-8B4A-11D0-8D11-00A0C91BC942}") = "Dependencies", "Dependencies\Dependencies.vcxproj", "{485B9591-7ED2-41F2-891B-9930717C4B26}"
EndProject
Project("{8BC9CEB8-8B4A-11D0-8D11-00A0C91BC942}") = "AmogusEditor", "AmogusEditor\AmogusEditor.vcxproj", "{25593AA9-E375-4C91-A934-6F49A9AE222B}"
EndProject
Project("{8BC9CEB8-8B4A-11D0-8D11-00A0C91BC942}") = "YokaiFortune", "YokaiFortune\YokaiFortune.vcxproj", "{5A5573FB-6223-4ECE-8931-7013338B5923}"
EndProject
Global
	GlobalSection(SolutionConfigurationPlatforms) = preSolution
		Debug|x64 = Debug|x64
		Debug|x86 = Debug|x86
		Release|x64 = Release|x64
		Release|x86 = Release|x86
	EndGlobalSection
	GlobalSection(ProjectConfigurationPlatforms) = postSolution
		{99C7AA79-FF27-4D48-A33A-4080E0198AEE}.Debug|x64.ActiveCfg = Debug|x64
		{99C7AA79-FF27-4D48-A33A-4080E0198AEE}.Debug|x64.Build.0 = Debug|x64
		{99C7AA79-FF27-4D48-A33A-4080E0198AEE}.Debug|x86.ActiveCfg = Debug|Win32
		{99C7AA79-FF27-4D48-A33A-4080E0198AEE}.Debug|x86.Build.0 = Debug|Win32
		{99C7AA79-FF27-4D48-A33A-4080E0198AEE}.Release|x64.ActiveCfg = Release|x64
		{99C7AA79-FF27-4D48-A33A-4080E0198AEE}.Release|x64.Build.0 = Release|x64
		{99C7AA79-FF27-4D48-A33A-4080E0198AEE}.Release|x86.ActiveCfg = Release|Win32
		{99C7AA79-FF27-4D48-A33A-4080E0198AEE}.Release|x86.Build.0 = Release|Win32
		{485B9591-7ED2-41F2-891B-9930717C4B26}.Debug|x64.ActiveCfg = Debug|x64
		{485B9591-7ED2-41F2-891B-9930717C4B26}.Debug|x64.Build.0 = Debug|x64
		{485B9591-7ED2-41F2-891B-9930717C4B26}.Debug|x86.ActiveCfg = Debug|Win32
		{485B9591-7ED2-41F2-891B-9930717C4B26}.Debug|x86.Build.0 = Debug|Win32
		{485B9591-7ED2-41F2-891B-9930717C4B26}.Release|x64.ActiveCfg = Release|x64
		{485B9591-7ED2-41F2-891B-9930717C4B26}.Release|x64.Build.0 = Release|x64
		{485B9591-7ED2-41F2-891B-9930717C4B26}.Release|x86.ActiveCfg = Release|Win32
		{485B9591-7ED2-41F2-891B-9930717C4B26}.Release|x86.Build.0 = Release|Win32
		{25593AA9-E375-4C91-A934-6F49A9AE222B}.Debug|x64.ActiveCfg = Debug|x64
		{25593AA9-E375-4C91-A934-6F49A9AE222B}.Debug|x64.Build.0 = Debug|x64
		{25593AA9-E375-4C91-A934-6F49A9AE222B}.Debug|x86.ActiveCfg = Debug|Win32
		{25593AA9-E375-4C91-A934-6F49A9AE222B}.Debug|x86.Build.0 = Debug|Win32
		{25593AA9-E375-4C91-A934-6F49A9AE222B}.Release|x64.ActiveCfg = Release|x64
		{25593AA9-E375-4C91-A934-6F49A9AE222B}.Release|x64.Build.0 = Release|x64
		{25593AA9-E375-4C91-A934-6F49A9AE222B}.Release|x86.ActiveCfg = Release|Win32
		{25593AA9-E375-4C91-A934-6F49A9AE222B}.Release|x86.Build.0 = Release|Win32
		{5A5573FB-6223-4ECE-8931-7013338B5923}.Debug|x64.ActiveCfg = Debug|x64
		{5A5573FB-6223-4ECE-8931-7013338B5923}.Debug|x64.Build.0 = Debug|x64
		{5A5573FB-6223-4ECE-8931-7013338B5923}.Debug|x86.ActiveCfg = Debug|Win32
		{5A5573FB-6223-4ECE-8931-7013338B5923}.Debug|x86.Build.0 = Debug|Win32
		{5A5573FB-6223-4ECE-8931-7013338B5923}.Release|x64.ActiveCfg = Release|x64
		{5A5573FB-6223-4ECE-8931-7013338B5923}.Release|x64.Build.0 = Release|x64
		{5A5573FB-6223-4ECE-8931-7013338B5923}.Release|x86.ActiveCfg = Release|Win32
		{5A5573FB-6223-4ECE-8931-7013338B5923}.Release|x86.Build.0 = Release|Win32
	EndGlobalSection
	GlobalSection(SolutionProperties) = preSolution
		HideSolutionNode = FALSE
	EndGlobalSection
	GlobalSection(ExtensibilityGlobals) = postSolution
		SolutionGuid = {C2A51C58-B389-4EE3-A939-220E1E5EA8D6}
	EndGlobalSection
EndGlobal
