<?xml version="1.0" encoding="utf-8"?>
<Project ToolsVersion="4.0" xmlns="http://schemas.microsoft.com/developer/msbuild/2003">
  <ItemGroup>
    <ClCompile Include="src\CameraFollowScript.cpp" />
    <ClCompile Include="src\EnemyMovementScript.cpp" />
    <ClCompile Include="src\EnemySpawnerScript.cpp" />
    <ClCompile Include="src\main.cpp" />
    <ClCompile Include="src\PlayerScript.cpp" />
    <ClCompile Include="src\WeaponScript.cpp" />
    <ClCompile Include="src\Shuriken.cpp" />
    <ClCompile Include="src\HackingDevice.cpp" />
    <ClCompile Include="src\LaserGun.cpp" />
    <ClCompile Include="src\NeonKatana.cpp" />
    <ClCompile Include="src\Grenade.cpp" />
    <ClCompile Include="src\OpticalImplant.cpp" />
    <ClCompile Include="src\Passport.cpp" />
    <ClCompile Include="src\PowerGem.cpp" />
    <ClCompile Include="src\PowerGlove.cpp" />
    <ClCompile Include="src\Ragnite.cpp" />
    <ClCompile Include="src\EquipmentScript.cpp" />
    <ClCompile Include="src\TimerScript.cpp" />
  </ItemGroup>
  <ItemGroup>
    <ClInclude Include="src\CameraFollowScript.h" />
    <ClInclude Include="src\EnemyMovementScript.h" />
    <ClInclude Include="src\EnemySpawnerScript.h" />
    <ClInclude Include="src\PlayerScript.h" />
    <ClInclude Include="src\WeaponScript.h" />
    <ClInclude Include="src\Shuriken.h" />
    <ClInclude Include="src\HackingDevice.h" />
    <ClInclude Include="src\LaserGun.h" />
    <ClInclude Include="src\NeonKatana.h" />
    <ClInclude Include="src\Grenade.h" />
    <ClInclude Include="src\OpticalImplant.h" />
    <ClInclude Include="src\Passport.h" />
    <ClInclude Include="src\PowerGem.h" />
    <ClInclude Include="src\PowerGlove.h" />
    <ClInclude Include="src\Ragnite.h" />
    <ClInclude Include="src\EquipmentScript.h" />
    <ClInclude Include="src\TimerScript.h" />
  </ItemGroup>
</Project>